PODS:
  - Flutter (1.0.0)
  - flutter_carplay (1.1.0):
    - Flutter
  - flutter_tts (0.0.1):
    - Flutter

DEPENDENCIES:
  - Flutter (from `Flutter`)
  - flutter_carplay (from `.symlinks/plugins/flutter_carplay/ios`)
  - flutter_tts (from `.symlinks/plugins/flutter_tts/ios`)

EXTERNAL SOURCES:
  Flutter:
    :path: Flutter
  flutter_carplay:
    :path: ".symlinks/plugins/flutter_carplay/ios"
  flutter_tts:
    :path: ".symlinks/plugins/flutter_tts/ios"

SPEC CHECKSUMS:
  Flutter: cabc95a1d2626b1b06e7179b784ebcf0c0cde467
  flutter_carplay: 0e3f943484e00399dac7f599715ae6761288f0db
  flutter_tts: 35ac3c7d42412733e795ea96ad2d7e05d0a75113

PODFILE CHECKSUM: 3fcd3fb0334e5c3b3e65a31af9c5886361146788

COCOAPODS: 1.16.2
